
Microsoft Visual Studio Solution File, Format Version 12.00
# Visual Studio Version 17
VisualStudioVersion = 17.9.34701.34
MinimumVisualStudioVersion = 10.0.40219.1
Project("{8BC9CEB8-8B4A-11D0-8D11-00A0C91BC942}") = "2024-03-13 (Functions)", "2024-03-13 (Functions)\2024-03-13 (Functions).vcxproj", "{C5475AC2-6FFA-4E5A-A343-7B04032C7C21}"
EndProject
Project("{8BC9CEB8-8B4A-11D0-8D11-00A0C91BC942}") = "2024-03-14 (Overload Functions)", "2024-03-14 (Overload Functions)\2024-03-14 (Overload Functions).vcxproj", "{39B52532-A767-4A21-BC63-341E8F47BF0A}"
EndProject
Project("{8BC9CEB8-8B4A-11D0-8D11-00A0C91BC942}") = "2024-03-18 (Lenears search, Sort)", "2024-03-18 (Lenears search, Sort)\2024-03-18 (Lenears search, Sort).vcxproj", "{3F6BED5F-531B-4471-88FA-8C9B3C4469D1}"
EndProject
Project("{8BC9CEB8-8B4A-11D0-8D11-00A0C91BC942}") = "2024-03-20 (Pointers)", "2024-03-20 (Pointers)\2024-03-20 (Pointers).vcxproj", "{A041054D-8035-44E3-99D8-1BB2BE35B73F}"
EndProject
Project("{8BC9CEB8-8B4A-11D0-8D11-00A0C91BC942}") = "2024-03-22 (C_Style)", "2024-03-22 (C_Style)\2024-03-22 (C_Style).vcxproj", "{5A1E05A4-941E-478C-9AFC-124B22FFAFA2}"
EndProject
Project("{8BC9CEB8-8B4A-11D0-8D11-00A0C91BC942}") = "2024-03-22 (Links, Set position, Set color, Setw)", "2024-03-22 (Links, Set position, Set color, Setw)\2024-03-22 (Links, Set position, Set color, Setw).vcxproj", "{98F79207-1C59-4565-9893-60337D136E18}"
EndProject
Project("{8BC9CEB8-8B4A-11D0-8D11-00A0C91BC942}") = "2024-03-25 (Dynamic memory)", "2024-03-25 (Dynamic memory)\2024-03-25 (Dynamic memory).vcxproj", "{D13FC88B-EBE2-4205-936B-751F8EE557D6}"
EndProject
Project("{8BC9CEB8-8B4A-11D0-8D11-00A0C91BC942}") = "2024-03-27 (Two dynam arr)", "2024-03-27 (Two dynam arr)\2024-03-27 (Two dynam arr).vcxproj", "{71CC7E05-5FAA-4E9C-AEB8-7FD77ACD592D}"
EndProject
Project("{8BC9CEB8-8B4A-11D0-8D11-00A0C91BC942}") = "2024-03-29 (Struct)", "2024-03-29 (Struct)\2024-03-29 (Struct).vcxproj", "{B3A15D34-15EC-4AD4-A1F6-316F019B5573}"
EndProject
Project("{8BC9CEB8-8B4A-11D0-8D11-00A0C91BC942}") = "2024-04-01 (Struct, Save to file)", "2024-04-01 (Struct, Save to file)\2024-04-01 (Struct, Save to file).vcxproj", "{FD2E6FEF-00BB-43F3-89C5-711288F6D832}"
EndProject
Project("{8BC9CEB8-8B4A-11D0-8D11-00A0C91BC942}") = "2024-02-26 (Intro to C++)", "2024-02-26 (Intro to C++)\2024-02-26 (Intro to C++).vcxproj", "{1BAF1A0F-D5F3-4D90-BC93-46380B9F2781}"
EndProject
Global
	GlobalSection(SolutionConfigurationPlatforms) = preSolution
		Debug|x64 = Debug|x64
		Debug|x86 = Debug|x86
		Release|x64 = Release|x64
		Release|x86 = Release|x86
	EndGlobalSection
	GlobalSection(ProjectConfigurationPlatforms) = postSolution
		{C5475AC2-6FFA-4E5A-A343-7B04032C7C21}.Debug|x64.ActiveCfg = Debug|x64
		{C5475AC2-6FFA-4E5A-A343-7B04032C7C21}.Debug|x64.Build.0 = Debug|x64
		{C5475AC2-6FFA-4E5A-A343-7B04032C7C21}.Debug|x86.ActiveCfg = Debug|Win32
		{C5475AC2-6FFA-4E5A-A343-7B04032C7C21}.Debug|x86.Build.0 = Debug|Win32
		{C5475AC2-6FFA-4E5A-A343-7B04032C7C21}.Release|x64.ActiveCfg = Release|x64
		{C5475AC2-6FFA-4E5A-A343-7B04032C7C21}.Release|x64.Build.0 = Release|x64
		{C5475AC2-6FFA-4E5A-A343-7B04032C7C21}.Release|x86.ActiveCfg = Release|Win32
		{C5475AC2-6FFA-4E5A-A343-7B04032C7C21}.Release|x86.Build.0 = Release|Win32
		{39B52532-A767-4A21-BC63-341E8F47BF0A}.Debug|x64.ActiveCfg = Debug|x64
		{39B52532-A767-4A21-BC63-341E8F47BF0A}.Debug|x64.Build.0 = Debug|x64
		{39B52532-A767-4A21-BC63-341E8F47BF0A}.Debug|x86.ActiveCfg = Debug|Win32
		{39B52532-A767-4A21-BC63-341E8F47BF0A}.Debug|x86.Build.0 = Debug|Win32
		{39B52532-A767-4A21-BC63-341E8F47BF0A}.Release|x64.ActiveCfg = Release|x64
		{39B52532-A767-4A21-BC63-341E8F47BF0A}.Release|x64.Build.0 = Release|x64
		{39B52532-A767-4A21-BC63-341E8F47BF0A}.Release|x86.ActiveCfg = Release|Win32
		{39B52532-A767-4A21-BC63-341E8F47BF0A}.Release|x86.Build.0 = Release|Win32
		{3F6BED5F-531B-4471-88FA-8C9B3C4469D1}.Debug|x64.ActiveCfg = Debug|x64
		{3F6BED5F-531B-4471-88FA-8C9B3C4469D1}.Debug|x64.Build.0 = Debug|x64
		{3F6BED5F-531B-4471-88FA-8C9B3C4469D1}.Debug|x86.ActiveCfg = Debug|Win32
		{3F6BED5F-531B-4471-88FA-8C9B3C4469D1}.Debug|x86.Build.0 = Debug|Win32
		{3F6BED5F-531B-4471-88FA-8C9B3C4469D1}.Release|x64.ActiveCfg = Release|x64
		{3F6BED5F-531B-4471-88FA-8C9B3C4469D1}.Release|x64.Build.0 = Release|x64
		{3F6BED5F-531B-4471-88FA-8C9B3C4469D1}.Release|x86.ActiveCfg = Release|Win32
		{3F6BED5F-531B-4471-88FA-8C9B3C4469D1}.Release|x86.Build.0 = Release|Win32
		{A041054D-8035-44E3-99D8-1BB2BE35B73F}.Debug|x64.ActiveCfg = Debug|x64
		{A041054D-8035-44E3-99D8-1BB2BE35B73F}.Debug|x64.Build.0 = Debug|x64
		{A041054D-8035-44E3-99D8-1BB2BE35B73F}.Debug|x86.ActiveCfg = Debug|Win32
		{A041054D-8035-44E3-99D8-1BB2BE35B73F}.Debug|x86.Build.0 = Debug|Win32
		{A041054D-8035-44E3-99D8-1BB2BE35B73F}.Release|x64.ActiveCfg = Release|x64
		{A041054D-8035-44E3-99D8-1BB2BE35B73F}.Release|x64.Build.0 = Release|x64
		{A041054D-8035-44E3-99D8-1BB2BE35B73F}.Release|x86.ActiveCfg = Release|Win32
		{A041054D-8035-44E3-99D8-1BB2BE35B73F}.Release|x86.Build.0 = Release|Win32
		{5A1E05A4-941E-478C-9AFC-124B22FFAFA2}.Debug|x64.ActiveCfg = Debug|x64
		{5A1E05A4-941E-478C-9AFC-124B22FFAFA2}.Debug|x64.Build.0 = Debug|x64
		{5A1E05A4-941E-478C-9AFC-124B22FFAFA2}.Debug|x86.ActiveCfg = Debug|Win32
		{5A1E05A4-941E-478C-9AFC-124B22FFAFA2}.Debug|x86.Build.0 = Debug|Win32
		{5A1E05A4-941E-478C-9AFC-124B22FFAFA2}.Release|x64.ActiveCfg = Release|x64
		{5A1E05A4-941E-478C-9AFC-124B22FFAFA2}.Release|x64.Build.0 = Release|x64
		{5A1E05A4-941E-478C-9AFC-124B22FFAFA2}.Release|x86.ActiveCfg = Release|Win32
		{5A1E05A4-941E-478C-9AFC-124B22FFAFA2}.Release|x86.Build.0 = Release|Win32
		{98F79207-1C59-4565-9893-60337D136E18}.Debug|x64.ActiveCfg = Debug|x64
		{98F79207-1C59-4565-9893-60337D136E18}.Debug|x64.Build.0 = Debug|x64
		{98F79207-1C59-4565-9893-60337D136E18}.Debug|x86.ActiveCfg = Debug|Win32
		{98F79207-1C59-4565-9893-60337D136E18}.Debug|x86.Build.0 = Debug|Win32
		{98F79207-1C59-4565-9893-60337D136E18}.Release|x64.ActiveCfg = Release|x64
		{98F79207-1C59-4565-9893-60337D136E18}.Release|x64.Build.0 = Release|x64
		{98F79207-1C59-4565-9893-60337D136E18}.Release|x86.ActiveCfg = Release|Win32
		{98F79207-1C59-4565-9893-60337D136E18}.Release|x86.Build.0 = Release|Win32
		{D13FC88B-EBE2-4205-936B-751F8EE557D6}.Debug|x64.ActiveCfg = Debug|x64
		{D13FC88B-EBE2-4205-936B-751F8EE557D6}.Debug|x64.Build.0 = Debug|x64
		{D13FC88B-EBE2-4205-936B-751F8EE557D6}.Debug|x86.ActiveCfg = Debug|Win32
		{D13FC88B-EBE2-4205-936B-751F8EE557D6}.Debug|x86.Build.0 = Debug|Win32
		{D13FC88B-EBE2-4205-936B-751F8EE557D6}.Release|x64.ActiveCfg = Release|x64
		{D13FC88B-EBE2-4205-936B-751F8EE557D6}.Release|x64.Build.0 = Release|x64
		{D13FC88B-EBE2-4205-936B-751F8EE557D6}.Release|x86.ActiveCfg = Release|Win32
		{D13FC88B-EBE2-4205-936B-751F8EE557D6}.Release|x86.Build.0 = Release|Win32
		{71CC7E05-5FAA-4E9C-AEB8-7FD77ACD592D}.Debug|x64.ActiveCfg = Debug|x64
		{71CC7E05-5FAA-4E9C-AEB8-7FD77ACD592D}.Debug|x64.Build.0 = Debug|x64
		{71CC7E05-5FAA-4E9C-AEB8-7FD77ACD592D}.Debug|x86.ActiveCfg = Debug|Win32
		{71CC7E05-5FAA-4E9C-AEB8-7FD77ACD592D}.Debug|x86.Build.0 = Debug|Win32
		{71CC7E05-5FAA-4E9C-AEB8-7FD77ACD592D}.Release|x64.ActiveCfg = Release|x64
		{71CC7E05-5FAA-4E9C-AEB8-7FD77ACD592D}.Release|x64.Build.0 = Release|x64
		{71CC7E05-5FAA-4E9C-AEB8-7FD77ACD592D}.Release|x86.ActiveCfg = Release|Win32
		{71CC7E05-5FAA-4E9C-AEB8-7FD77ACD592D}.Release|x86.Build.0 = Release|Win32
		{B3A15D34-15EC-4AD4-A1F6-316F019B5573}.Debug|x64.ActiveCfg = Debug|x64
		{B3A15D34-15EC-4AD4-A1F6-316F019B5573}.Debug|x64.Build.0 = Debug|x64
		{B3A15D34-15EC-4AD4-A1F6-316F019B5573}.Debug|x86.ActiveCfg = Debug|Win32
		{B3A15D34-15EC-4AD4-A1F6-316F019B5573}.Debug|x86.Build.0 = Debug|Win32
		{B3A15D34-15EC-4AD4-A1F6-316F019B5573}.Release|x64.ActiveCfg = Release|x64
		{B3A15D34-15EC-4AD4-A1F6-316F019B5573}.Release|x64.Build.0 = Release|x64
		{B3A15D34-15EC-4AD4-A1F6-316F019B5573}.Release|x86.ActiveCfg = Release|Win32
		{B3A15D34-15EC-4AD4-A1F6-316F019B5573}.Release|x86.Build.0 = Release|Win32
		{FD2E6FEF-00BB-43F3-89C5-711288F6D832}.Debug|x64.ActiveCfg = Debug|x64
		{FD2E6FEF-00BB-43F3-89C5-711288F6D832}.Debug|x64.Build.0 = Debug|x64
		{FD2E6FEF-00BB-43F3-89C5-711288F6D832}.Debug|x86.ActiveCfg = Debug|Win32
		{FD2E6FEF-00BB-43F3-89C5-711288F6D832}.Debug|x86.Build.0 = Debug|Win32
		{FD2E6FEF-00BB-43F3-89C5-711288F6D832}.Release|x64.ActiveCfg = Release|x64
		{FD2E6FEF-00BB-43F3-89C5-711288F6D832}.Release|x64.Build.0 = Release|x64
		{FD2E6FEF-00BB-43F3-89C5-711288F6D832}.Release|x86.ActiveCfg = Release|Win32
		{FD2E6FEF-00BB-43F3-89C5-711288F6D832}.Release|x86.Build.0 = Release|Win32
		{1BAF1A0F-D5F3-4D90-BC93-46380B9F2781}.Debug|x64.ActiveCfg = Debug|x64
		{1BAF1A0F-D5F3-4D90-BC93-46380B9F2781}.Debug|x64.Build.0 = Debug|x64
		{1BAF1A0F-D5F3-4D90-BC93-46380B9F2781}.Debug|x86.ActiveCfg = Debug|Win32
		{1BAF1A0F-D5F3-4D90-BC93-46380B9F2781}.Debug|x86.Build.0 = Debug|Win32
		{1BAF1A0F-D5F3-4D90-BC93-46380B9F2781}.Release|x64.ActiveCfg = Release|x64
		{1BAF1A0F-D5F3-4D90-BC93-46380B9F2781}.Release|x64.Build.0 = Release|x64
		{1BAF1A0F-D5F3-4D90-BC93-46380B9F2781}.Release|x86.ActiveCfg = Release|Win32
		{1BAF1A0F-D5F3-4D90-BC93-46380B9F2781}.Release|x86.Build.0 = Release|Win32
	EndGlobalSection
	GlobalSection(SolutionProperties) = preSolution
		HideSolutionNode = FALSE
	EndGlobalSection
	GlobalSection(ExtensibilityGlobals) = postSolution
		SolutionGuid = {110CC432-3B10-4188-A7AA-FF3004E93F86}
	EndGlobalSection
EndGlobal
