
Microsoft Visual Studio Solution File, Format Version 12.00
# Visual Studio Version 17
VisualStudioVersion = 17.9.34701.34
MinimumVisualStudioVersion = 10.0.40219.1
Project("{8BC9CEB8-8B4A-11D0-8D11-00A0C91BC942}") = "2024-03-13 (Functions)", "2024-03-13 (Functions)\2024-03-13 (Functions).vcxproj", "{C5475AC2-6FFA-4E5A-A343-7B04032C7C21}"
EndProject
Project("{8BC9CEB8-8B4A-11D0-8D11-00A0C91BC942}") = "2024-03-14 (Overload Functions)", "2024-03-14 (Overload Functions)\2024-03-14 (Overload Functions).vcxproj", "{39B52532-A767-4A21-BC63-341E8F47BF0A}"
EndProject
Project("{8BC9CEB8-8B4A-11D0-8D11-00A0C91BC942}") = "2024-03-18 (Lenears search, Sort)", "2024-03-18 (Lenears search, Sort)\2024-03-18 (Lenears search, Sort).vcxproj", "{3F6BED5F-531B-4471-88FA-8C9B3C4469D1}"
EndProject
Project("{8BC9CEB8-8B4A-11D0-8D11-00A0C91BC942}") = "2024-03-20 (Pointers)", "2024-03-20 (Pointers)\2024-03-20 (Pointers).vcxproj", "{A041054D-8035-44E3-99D8-1BB2BE35B73F}"
EndProject
Project("{8BC9CEB8-8B4A-11D0-8D11-00A0C91BC942}") = "2024-03-22 (C_Style)", "2024-03-22 (C_Style)\2024-03-22 (C_Style).vcxproj", "{5A1E05A4-941E-478C-9AFC-124B22FFAFA2}"
EndProject
Project("{8BC9CEB8-8B4A-11D0-8D11-00A0C91BC942}") = "2024-03-22 (Links, Set position, Set color, Setw)", "2024-03-22 (Links, Set position, Set color, Setw)\2024-03-22 (Links, Set position, Set color, Setw).vcxproj", "{98F79207-1C59-4565-9893-60337D136E18}"
EndProject
Project("{8BC9CEB8-8B4A-11D0-8D11-00A0C91BC942}") = "2024-03-25 (Dynamic memory)", "2024-03-25 (Dynamic memory)\2024-03-25 (Dynamic memory).vcxproj", "{D13FC88B-EBE2-4205-936B-751F8EE557D6}"
EndProject
Project("{8BC9CEB8-8B4A-11D0-8D11-00A0C91BC942}") = "2024-03-27 (Two dynam arr)", "2024-03-27 (Two dynam arr)\2024-03-27 (Two dynam arr).vcxproj", "{71CC7E05-5FAA-4E9C-AEB8-7FD77ACD592D}"
EndProject
Project("{8BC9CEB8-8B4A-11D0-8D11-00A0C91BC942}") = "2024-03-29 (Struct)", "2024-03-29 (Struct)\2024-03-29 (Struct).vcxproj", "{B3A15D34-15EC-4AD4-A1F6-316F019B5573}"
EndProject
Project("{8BC9CEB8-8B4A-11D0-8D11-00A0C91BC942}") = "2024-04-01 (Struct, Save to file)", "2024-04-01 (Struct, Save to file)\2024-04-01 (Struct, Save to file).vcxproj", "{FD2E6FEF-00BB-43F3-89C5-711288F6D832}"
EndProject
Project("{8BC9CEB8-8B4A-11D0-8D11-00A0C91BC942}") = "2024-02-26 (Intro to C++)", "2024-02-26 (Intro to C++)\2024-02-26 (Intro to C++).vcxproj", "{1BAF1A0F-D5F3-4D90-BC93-46380B9F2781}"
EndProject
Project("{8BC9CEB8-8B4A-11D0-8D11-00A0C91BC942}") = "2024-02-28 (Variables, Data types)", "2024-02-28 (Variables, Data types)\2024-02-28 (Variables, Data types).vcxproj", "{116BCBD6-8916-4E1A-98F0-09F2E6834496}"
EndProject
Project("{8BC9CEB8-8B4A-11D0-8D11-00A0C91BC942}") = "2024-03-01 (Logical Operators, Branching Operators)", "2024-03-01 (Logical Operators, Branching Operators)\2024-03-01 (Logical Operators, Branching Operators).vcxproj", "{4B474D28-B81F-4F71-A8D8-2167E8E4249E}"
EndProject
Project("{8BC9CEB8-8B4A-11D0-8D11-00A0C91BC942}") = "2024-03-04 (Cycles)", "2024-03-04 (Cycles)\2024-03-04 (Cycles).vcxproj", "{E60ED29F-2E18-48D8-84AC-4DE05E5151EA}"
EndProject
Project("{8BC9CEB8-8B4A-11D0-8D11-00A0C91BC942}") = "2024-03-06 (For, Include cycles, Debugger)", "2024-03-06 (For, Include cycles, Debugger)\2024-03-06 (For, Include cycles, Debugger).vcxproj", "{F3F36772-49D3-41DE-A75F-73D5AA5EE709}"
EndProject
Project("{8BC9CEB8-8B4A-11D0-8D11-00A0C91BC942}") = "2024-03-08 (Array)", "2024-03-08 (Array)\2024-03-08 (Array).vcxproj", "{43AB8242-C978-4864-9E68-51361E38C120}"
EndProject
Project("{8BC9CEB8-8B4A-11D0-8D11-00A0C91BC942}") = "2024-03-11 (Multidimensional arrays)", "2024-03-11 (Multidimensional arrays)\2024-03-11 (Multidimensional arrays).vcxproj", "{75B8C3C5-6F81-402D-B21A-7D3648C5F9FC}"
EndProject
Project("{8BC9CEB8-8B4A-11D0-8D11-00A0C91BC942}") = "2024-04-03 (Intro to OOP)", "2024-04-03 (Intro to OOP)\2024-04-03 (Intro to OOP).vcxproj", "{B4715357-16AC-43BC-820D-108BF175BDC1}"
EndProject
Project("{8BC9CEB8-8B4A-11D0-8D11-00A0C91BC942}") = "2024-04-05 (Constructs, Destructor)", "2024-04-05 (Constructs, Destructor)\2024-04-05 (Constructs, Destructor).vcxproj", "{73807215-80D6-4923-9CC2-9ADEBAE2F3EC}"
EndProject
Project("{8BC9CEB8-8B4A-11D0-8D11-00A0C91BC942}") = "2024-04-08 (Copy constructor)", "2024-04-08 (Copy constructor)\2024-04-08 (Copy constructor).vcxproj", "{F2BD920E-2691-4D9D-A150-E53A8F60DB2C}"
EndProject
Project("{8BC9CEB8-8B4A-11D0-8D11-00A0C91BC942}") = "2024-04-10 (Destruction constructor, Static methods)", "2024-04-10 (Destruction constructor, Static methods)\2024-04-10 (Destruction constructor, Static methods).vcxproj", "{FF7DA90B-E720-4602-A163-E10FEEEB84FD}"
EndProject
Project("{8BC9CEB8-8B4A-11D0-8D11-00A0C91BC942}") = "2024-04-15 (Overload operator)", "2024-04-15 (Overload operator)\2024-04-15 (Overload operator).vcxproj", "{CB431311-E152-46C9-9BDE-F41EFBCC5514}"
EndProject
Project("{8BC9CEB8-8B4A-11D0-8D11-00A0C91BC942}") = "2024-04-17 (Overload types)", "2024-04-17 (Overload types)\2024-04-17 (Overload types).vcxproj", "{1DE63BF7-1837-47CC-BE4B-C6025AB7106A}"
EndProject
Project("{8BC9CEB8-8B4A-11D0-8D11-00A0C91BC942}") = "2024-04-12 (Const method)", "2024-04-12 (Const method)\2024-04-12 (Const method).vcxproj", "{252A88CC-1E5F-47DC-8777-95A714D2F8D7}"
EndProject
Project("{8BC9CEB8-8B4A-11D0-8D11-00A0C91BC942}") = "2024-04-12 (Explicit constructor)", "2024-04-12 (Explicit constructor)\2024-04-12 (Explicit constructor).vcxproj", "{8DDE76CA-09A5-408D-9789-89B40CD338B5}"
EndProject
Project("{8BC9CEB8-8B4A-11D0-8D11-00A0C91BC942}") = "2024-04-22 (Template class)", "2024-04-22 (Template class)\2024-04-22 (Template class).vcxproj", "{107998C7-BFA4-459C-85C4-FF2582164453}"
EndProject
Project("{8BC9CEB8-8B4A-11D0-8D11-00A0C91BC942}") = "2024-04-24 (Stack)", "2024-04-24 (Stack)\2024-04-24 (Stack).vcxproj", "{41BECE84-5038-414B-B8CA-531AA58F77E8}"
EndProject
Project("{8BC9CEB8-8B4A-11D0-8D11-00A0C91BC942}") = "2024-04-24 (Queue)", "2024-04-24 (Queue)\2024-04-24 (Queue).vcxproj", "{B50B11A7-DDB6-43E1-9396-38E507A3213C}"
EndProject
Project("{8BC9CEB8-8B4A-11D0-8D11-00A0C91BC942}") = "2024-04-26 (Queue with priority)", "2024-04-26 (Queue with priority)\2024-04-26 (Queue with priority).vcxproj", "{698E30C9-F13A-4844-B1F6-31F6CE338A75}"
EndProject
Project("{8BC9CEB8-8B4A-11D0-8D11-00A0C91BC942}") = "2024-04-19 (Overload data types)", "2024-04-19 (Overload data types)\2024-04-19 (Overload data types).vcxproj", "{4DBF1A49-77B2-4C23-95FF-B52D7BCC470D}"
EndProject
Global
	GlobalSection(SolutionConfigurationPlatforms) = preSolution
		Debug|x64 = Debug|x64
		Debug|x86 = Debug|x86
		Release|x64 = Release|x64
		Release|x86 = Release|x86
	EndGlobalSection
	GlobalSection(ProjectConfigurationPlatforms) = postSolution
		{C5475AC2-6FFA-4E5A-A343-7B04032C7C21}.Debug|x64.ActiveCfg = Debug|x64
		{C5475AC2-6FFA-4E5A-A343-7B04032C7C21}.Debug|x64.Build.0 = Debug|x64
		{C5475AC2-6FFA-4E5A-A343-7B04032C7C21}.Debug|x86.ActiveCfg = Debug|Win32
		{C5475AC2-6FFA-4E5A-A343-7B04032C7C21}.Debug|x86.Build.0 = Debug|Win32
		{C5475AC2-6FFA-4E5A-A343-7B04032C7C21}.Release|x64.ActiveCfg = Release|x64
		{C5475AC2-6FFA-4E5A-A343-7B04032C7C21}.Release|x64.Build.0 = Release|x64
		{C5475AC2-6FFA-4E5A-A343-7B04032C7C21}.Release|x86.ActiveCfg = Release|Win32
		{C5475AC2-6FFA-4E5A-A343-7B04032C7C21}.Release|x86.Build.0 = Release|Win32
		{39B52532-A767-4A21-BC63-341E8F47BF0A}.Debug|x64.ActiveCfg = Debug|x64
		{39B52532-A767-4A21-BC63-341E8F47BF0A}.Debug|x64.Build.0 = Debug|x64
		{39B52532-A767-4A21-BC63-341E8F47BF0A}.Debug|x86.ActiveCfg = Debug|Win32
		{39B52532-A767-4A21-BC63-341E8F47BF0A}.Debug|x86.Build.0 = Debug|Win32
		{39B52532-A767-4A21-BC63-341E8F47BF0A}.Release|x64.ActiveCfg = Release|x64
		{39B52532-A767-4A21-BC63-341E8F47BF0A}.Release|x64.Build.0 = Release|x64
		{39B52532-A767-4A21-BC63-341E8F47BF0A}.Release|x86.ActiveCfg = Release|Win32
		{39B52532-A767-4A21-BC63-341E8F47BF0A}.Release|x86.Build.0 = Release|Win32
		{3F6BED5F-531B-4471-88FA-8C9B3C4469D1}.Debug|x64.ActiveCfg = Debug|x64
		{3F6BED5F-531B-4471-88FA-8C9B3C4469D1}.Debug|x64.Build.0 = Debug|x64
		{3F6BED5F-531B-4471-88FA-8C9B3C4469D1}.Debug|x86.ActiveCfg = Debug|Win32
		{3F6BED5F-531B-4471-88FA-8C9B3C4469D1}.Debug|x86.Build.0 = Debug|Win32
		{3F6BED5F-531B-4471-88FA-8C9B3C4469D1}.Release|x64.ActiveCfg = Release|x64
		{3F6BED5F-531B-4471-88FA-8C9B3C4469D1}.Release|x64.Build.0 = Release|x64
		{3F6BED5F-531B-4471-88FA-8C9B3C4469D1}.Release|x86.ActiveCfg = Release|Win32
		{3F6BED5F-531B-4471-88FA-8C9B3C4469D1}.Release|x86.Build.0 = Release|Win32
		{A041054D-8035-44E3-99D8-1BB2BE35B73F}.Debug|x64.ActiveCfg = Debug|x64
		{A041054D-8035-44E3-99D8-1BB2BE35B73F}.Debug|x64.Build.0 = Debug|x64
		{A041054D-8035-44E3-99D8-1BB2BE35B73F}.Debug|x86.ActiveCfg = Debug|Win32
		{A041054D-8035-44E3-99D8-1BB2BE35B73F}.Debug|x86.Build.0 = Debug|Win32
		{A041054D-8035-44E3-99D8-1BB2BE35B73F}.Release|x64.ActiveCfg = Release|x64
		{A041054D-8035-44E3-99D8-1BB2BE35B73F}.Release|x64.Build.0 = Release|x64
		{A041054D-8035-44E3-99D8-1BB2BE35B73F}.Release|x86.ActiveCfg = Release|Win32
		{A041054D-8035-44E3-99D8-1BB2BE35B73F}.Release|x86.Build.0 = Release|Win32
		{5A1E05A4-941E-478C-9AFC-124B22FFAFA2}.Debug|x64.ActiveCfg = Debug|x64
		{5A1E05A4-941E-478C-9AFC-124B22FFAFA2}.Debug|x64.Build.0 = Debug|x64
		{5A1E05A4-941E-478C-9AFC-124B22FFAFA2}.Debug|x86.ActiveCfg = Debug|Win32
		{5A1E05A4-941E-478C-9AFC-124B22FFAFA2}.Debug|x86.Build.0 = Debug|Win32
		{5A1E05A4-941E-478C-9AFC-124B22FFAFA2}.Release|x64.ActiveCfg = Release|x64
		{5A1E05A4-941E-478C-9AFC-124B22FFAFA2}.Release|x64.Build.0 = Release|x64
		{5A1E05A4-941E-478C-9AFC-124B22FFAFA2}.Release|x86.ActiveCfg = Release|Win32
		{5A1E05A4-941E-478C-9AFC-124B22FFAFA2}.Release|x86.Build.0 = Release|Win32
		{98F79207-1C59-4565-9893-60337D136E18}.Debug|x64.ActiveCfg = Debug|x64
		{98F79207-1C59-4565-9893-60337D136E18}.Debug|x64.Build.0 = Debug|x64
		{98F79207-1C59-4565-9893-60337D136E18}.Debug|x86.ActiveCfg = Debug|Win32
		{98F79207-1C59-4565-9893-60337D136E18}.Debug|x86.Build.0 = Debug|Win32
		{98F79207-1C59-4565-9893-60337D136E18}.Release|x64.ActiveCfg = Release|x64
		{98F79207-1C59-4565-9893-60337D136E18}.Release|x64.Build.0 = Release|x64
		{98F79207-1C59-4565-9893-60337D136E18}.Release|x86.ActiveCfg = Release|Win32
		{98F79207-1C59-4565-9893-60337D136E18}.Release|x86.Build.0 = Release|Win32
		{D13FC88B-EBE2-4205-936B-751F8EE557D6}.Debug|x64.ActiveCfg = Debug|x64
		{D13FC88B-EBE2-4205-936B-751F8EE557D6}.Debug|x64.Build.0 = Debug|x64
		{D13FC88B-EBE2-4205-936B-751F8EE557D6}.Debug|x86.ActiveCfg = Debug|Win32
		{D13FC88B-EBE2-4205-936B-751F8EE557D6}.Debug|x86.Build.0 = Debug|Win32
		{D13FC88B-EBE2-4205-936B-751F8EE557D6}.Release|x64.ActiveCfg = Release|x64
		{D13FC88B-EBE2-4205-936B-751F8EE557D6}.Release|x64.Build.0 = Release|x64
		{D13FC88B-EBE2-4205-936B-751F8EE557D6}.Release|x86.ActiveCfg = Release|Win32
		{D13FC88B-EBE2-4205-936B-751F8EE557D6}.Release|x86.Build.0 = Release|Win32
		{71CC7E05-5FAA-4E9C-AEB8-7FD77ACD592D}.Debug|x64.ActiveCfg = Debug|x64
		{71CC7E05-5FAA-4E9C-AEB8-7FD77ACD592D}.Debug|x64.Build.0 = Debug|x64
		{71CC7E05-5FAA-4E9C-AEB8-7FD77ACD592D}.Debug|x86.ActiveCfg = Debug|Win32
		{71CC7E05-5FAA-4E9C-AEB8-7FD77ACD592D}.Debug|x86.Build.0 = Debug|Win32
		{71CC7E05-5FAA-4E9C-AEB8-7FD77ACD592D}.Release|x64.ActiveCfg = Release|x64
		{71CC7E05-5FAA-4E9C-AEB8-7FD77ACD592D}.Release|x64.Build.0 = Release|x64
		{71CC7E05-5FAA-4E9C-AEB8-7FD77ACD592D}.Release|x86.ActiveCfg = Release|Win32
		{71CC7E05-5FAA-4E9C-AEB8-7FD77ACD592D}.Release|x86.Build.0 = Release|Win32
		{B3A15D34-15EC-4AD4-A1F6-316F019B5573}.Debug|x64.ActiveCfg = Debug|x64
		{B3A15D34-15EC-4AD4-A1F6-316F019B5573}.Debug|x64.Build.0 = Debug|x64
		{B3A15D34-15EC-4AD4-A1F6-316F019B5573}.Debug|x86.ActiveCfg = Debug|Win32
		{B3A15D34-15EC-4AD4-A1F6-316F019B5573}.Debug|x86.Build.0 = Debug|Win32
		{B3A15D34-15EC-4AD4-A1F6-316F019B5573}.Release|x64.ActiveCfg = Release|x64
		{B3A15D34-15EC-4AD4-A1F6-316F019B5573}.Release|x64.Build.0 = Release|x64
		{B3A15D34-15EC-4AD4-A1F6-316F019B5573}.Release|x86.ActiveCfg = Release|Win32
		{B3A15D34-15EC-4AD4-A1F6-316F019B5573}.Release|x86.Build.0 = Release|Win32
		{FD2E6FEF-00BB-43F3-89C5-711288F6D832}.Debug|x64.ActiveCfg = Debug|x64
		{FD2E6FEF-00BB-43F3-89C5-711288F6D832}.Debug|x64.Build.0 = Debug|x64
		{FD2E6FEF-00BB-43F3-89C5-711288F6D832}.Debug|x86.ActiveCfg = Debug|Win32
		{FD2E6FEF-00BB-43F3-89C5-711288F6D832}.Debug|x86.Build.0 = Debug|Win32
		{FD2E6FEF-00BB-43F3-89C5-711288F6D832}.Release|x64.ActiveCfg = Release|x64
		{FD2E6FEF-00BB-43F3-89C5-711288F6D832}.Release|x64.Build.0 = Release|x64
		{FD2E6FEF-00BB-43F3-89C5-711288F6D832}.Release|x86.ActiveCfg = Release|Win32
		{FD2E6FEF-00BB-43F3-89C5-711288F6D832}.Release|x86.Build.0 = Release|Win32
		{1BAF1A0F-D5F3-4D90-BC93-46380B9F2781}.Debug|x64.ActiveCfg = Debug|x64
		{1BAF1A0F-D5F3-4D90-BC93-46380B9F2781}.Debug|x64.Build.0 = Debug|x64
		{1BAF1A0F-D5F3-4D90-BC93-46380B9F2781}.Debug|x86.ActiveCfg = Debug|Win32
		{1BAF1A0F-D5F3-4D90-BC93-46380B9F2781}.Debug|x86.Build.0 = Debug|Win32
		{1BAF1A0F-D5F3-4D90-BC93-46380B9F2781}.Release|x64.ActiveCfg = Release|x64
		{1BAF1A0F-D5F3-4D90-BC93-46380B9F2781}.Release|x64.Build.0 = Release|x64
		{1BAF1A0F-D5F3-4D90-BC93-46380B9F2781}.Release|x86.ActiveCfg = Release|Win32
		{1BAF1A0F-D5F3-4D90-BC93-46380B9F2781}.Release|x86.Build.0 = Release|Win32
		{116BCBD6-8916-4E1A-98F0-09F2E6834496}.Debug|x64.ActiveCfg = Debug|x64
		{116BCBD6-8916-4E1A-98F0-09F2E6834496}.Debug|x64.Build.0 = Debug|x64
		{116BCBD6-8916-4E1A-98F0-09F2E6834496}.Debug|x86.ActiveCfg = Debug|Win32
		{116BCBD6-8916-4E1A-98F0-09F2E6834496}.Debug|x86.Build.0 = Debug|Win32
		{116BCBD6-8916-4E1A-98F0-09F2E6834496}.Release|x64.ActiveCfg = Release|x64
		{116BCBD6-8916-4E1A-98F0-09F2E6834496}.Release|x64.Build.0 = Release|x64
		{116BCBD6-8916-4E1A-98F0-09F2E6834496}.Release|x86.ActiveCfg = Release|Win32
		{116BCBD6-8916-4E1A-98F0-09F2E6834496}.Release|x86.Build.0 = Release|Win32
		{4B474D28-B81F-4F71-A8D8-2167E8E4249E}.Debug|x64.ActiveCfg = Debug|x64
		{4B474D28-B81F-4F71-A8D8-2167E8E4249E}.Debug|x64.Build.0 = Debug|x64
		{4B474D28-B81F-4F71-A8D8-2167E8E4249E}.Debug|x86.ActiveCfg = Debug|Win32
		{4B474D28-B81F-4F71-A8D8-2167E8E4249E}.Debug|x86.Build.0 = Debug|Win32
		{4B474D28-B81F-4F71-A8D8-2167E8E4249E}.Release|x64.ActiveCfg = Release|x64
		{4B474D28-B81F-4F71-A8D8-2167E8E4249E}.Release|x64.Build.0 = Release|x64
		{4B474D28-B81F-4F71-A8D8-2167E8E4249E}.Release|x86.ActiveCfg = Release|Win32
		{4B474D28-B81F-4F71-A8D8-2167E8E4249E}.Release|x86.Build.0 = Release|Win32
		{E60ED29F-2E18-48D8-84AC-4DE05E5151EA}.Debug|x64.ActiveCfg = Debug|x64
		{E60ED29F-2E18-48D8-84AC-4DE05E5151EA}.Debug|x64.Build.0 = Debug|x64
		{E60ED29F-2E18-48D8-84AC-4DE05E5151EA}.Debug|x86.ActiveCfg = Debug|Win32
		{E60ED29F-2E18-48D8-84AC-4DE05E5151EA}.Debug|x86.Build.0 = Debug|Win32
		{E60ED29F-2E18-48D8-84AC-4DE05E5151EA}.Release|x64.ActiveCfg = Release|x64
		{E60ED29F-2E18-48D8-84AC-4DE05E5151EA}.Release|x64.Build.0 = Release|x64
		{E60ED29F-2E18-48D8-84AC-4DE05E5151EA}.Release|x86.ActiveCfg = Release|Win32
		{E60ED29F-2E18-48D8-84AC-4DE05E5151EA}.Release|x86.Build.0 = Release|Win32
		{F3F36772-49D3-41DE-A75F-73D5AA5EE709}.Debug|x64.ActiveCfg = Debug|x64
		{F3F36772-49D3-41DE-A75F-73D5AA5EE709}.Debug|x64.Build.0 = Debug|x64
		{F3F36772-49D3-41DE-A75F-73D5AA5EE709}.Debug|x86.ActiveCfg = Debug|Win32
		{F3F36772-49D3-41DE-A75F-73D5AA5EE709}.Debug|x86.Build.0 = Debug|Win32
		{F3F36772-49D3-41DE-A75F-73D5AA5EE709}.Release|x64.ActiveCfg = Release|x64
		{F3F36772-49D3-41DE-A75F-73D5AA5EE709}.Release|x64.Build.0 = Release|x64
		{F3F36772-49D3-41DE-A75F-73D5AA5EE709}.Release|x86.ActiveCfg = Release|Win32
		{F3F36772-49D3-41DE-A75F-73D5AA5EE709}.Release|x86.Build.0 = Release|Win32
		{43AB8242-C978-4864-9E68-51361E38C120}.Debug|x64.ActiveCfg = Debug|x64
		{43AB8242-C978-4864-9E68-51361E38C120}.Debug|x64.Build.0 = Debug|x64
		{43AB8242-C978-4864-9E68-51361E38C120}.Debug|x86.ActiveCfg = Debug|Win32
		{43AB8242-C978-4864-9E68-51361E38C120}.Debug|x86.Build.0 = Debug|Win32
		{43AB8242-C978-4864-9E68-51361E38C120}.Release|x64.ActiveCfg = Release|x64
		{43AB8242-C978-4864-9E68-51361E38C120}.Release|x64.Build.0 = Release|x64
		{43AB8242-C978-4864-9E68-51361E38C120}.Release|x86.ActiveCfg = Release|Win32
		{43AB8242-C978-4864-9E68-51361E38C120}.Release|x86.Build.0 = Release|Win32
		{75B8C3C5-6F81-402D-B21A-7D3648C5F9FC}.Debug|x64.ActiveCfg = Debug|x64
		{75B8C3C5-6F81-402D-B21A-7D3648C5F9FC}.Debug|x64.Build.0 = Debug|x64
		{75B8C3C5-6F81-402D-B21A-7D3648C5F9FC}.Debug|x86.ActiveCfg = Debug|Win32
		{75B8C3C5-6F81-402D-B21A-7D3648C5F9FC}.Debug|x86.Build.0 = Debug|Win32
		{75B8C3C5-6F81-402D-B21A-7D3648C5F9FC}.Release|x64.ActiveCfg = Release|x64
		{75B8C3C5-6F81-402D-B21A-7D3648C5F9FC}.Release|x64.Build.0 = Release|x64
		{75B8C3C5-6F81-402D-B21A-7D3648C5F9FC}.Release|x86.ActiveCfg = Release|Win32
		{75B8C3C5-6F81-402D-B21A-7D3648C5F9FC}.Release|x86.Build.0 = Release|Win32
		{B4715357-16AC-43BC-820D-108BF175BDC1}.Debug|x64.ActiveCfg = Debug|x64
		{B4715357-16AC-43BC-820D-108BF175BDC1}.Debug|x64.Build.0 = Debug|x64
		{B4715357-16AC-43BC-820D-108BF175BDC1}.Debug|x86.ActiveCfg = Debug|Win32
		{B4715357-16AC-43BC-820D-108BF175BDC1}.Debug|x86.Build.0 = Debug|Win32
		{B4715357-16AC-43BC-820D-108BF175BDC1}.Release|x64.ActiveCfg = Release|x64
		{B4715357-16AC-43BC-820D-108BF175BDC1}.Release|x64.Build.0 = Release|x64
		{B4715357-16AC-43BC-820D-108BF175BDC1}.Release|x86.ActiveCfg = Release|Win32
		{B4715357-16AC-43BC-820D-108BF175BDC1}.Release|x86.Build.0 = Release|Win32
		{73807215-80D6-4923-9CC2-9ADEBAE2F3EC}.Debug|x64.ActiveCfg = Debug|x64
		{73807215-80D6-4923-9CC2-9ADEBAE2F3EC}.Debug|x64.Build.0 = Debug|x64
		{73807215-80D6-4923-9CC2-9ADEBAE2F3EC}.Debug|x86.ActiveCfg = Debug|Win32
		{73807215-80D6-4923-9CC2-9ADEBAE2F3EC}.Debug|x86.Build.0 = Debug|Win32
		{73807215-80D6-4923-9CC2-9ADEBAE2F3EC}.Release|x64.ActiveCfg = Release|x64
		{73807215-80D6-4923-9CC2-9ADEBAE2F3EC}.Release|x64.Build.0 = Release|x64
		{73807215-80D6-4923-9CC2-9ADEBAE2F3EC}.Release|x86.ActiveCfg = Release|Win32
		{73807215-80D6-4923-9CC2-9ADEBAE2F3EC}.Release|x86.Build.0 = Release|Win32
		{F2BD920E-2691-4D9D-A150-E53A8F60DB2C}.Debug|x64.ActiveCfg = Debug|x64
		{F2BD920E-2691-4D9D-A150-E53A8F60DB2C}.Debug|x64.Build.0 = Debug|x64
		{F2BD920E-2691-4D9D-A150-E53A8F60DB2C}.Debug|x86.ActiveCfg = Debug|Win32
		{F2BD920E-2691-4D9D-A150-E53A8F60DB2C}.Debug|x86.Build.0 = Debug|Win32
		{F2BD920E-2691-4D9D-A150-E53A8F60DB2C}.Release|x64.ActiveCfg = Release|x64
		{F2BD920E-2691-4D9D-A150-E53A8F60DB2C}.Release|x64.Build.0 = Release|x64
		{F2BD920E-2691-4D9D-A150-E53A8F60DB2C}.Release|x86.ActiveCfg = Release|Win32
		{F2BD920E-2691-4D9D-A150-E53A8F60DB2C}.Release|x86.Build.0 = Release|Win32
		{FF7DA90B-E720-4602-A163-E10FEEEB84FD}.Debug|x64.ActiveCfg = Debug|x64
		{FF7DA90B-E720-4602-A163-E10FEEEB84FD}.Debug|x64.Build.0 = Debug|x64
		{FF7DA90B-E720-4602-A163-E10FEEEB84FD}.Debug|x86.ActiveCfg = Debug|Win32
		{FF7DA90B-E720-4602-A163-E10FEEEB84FD}.Debug|x86.Build.0 = Debug|Win32
		{FF7DA90B-E720-4602-A163-E10FEEEB84FD}.Release|x64.ActiveCfg = Release|x64
		{FF7DA90B-E720-4602-A163-E10FEEEB84FD}.Release|x64.Build.0 = Release|x64
		{FF7DA90B-E720-4602-A163-E10FEEEB84FD}.Release|x86.ActiveCfg = Release|Win32
		{FF7DA90B-E720-4602-A163-E10FEEEB84FD}.Release|x86.Build.0 = Release|Win32
		{CB431311-E152-46C9-9BDE-F41EFBCC5514}.Debug|x64.ActiveCfg = Debug|x64
		{CB431311-E152-46C9-9BDE-F41EFBCC5514}.Debug|x64.Build.0 = Debug|x64
		{CB431311-E152-46C9-9BDE-F41EFBCC5514}.Debug|x86.ActiveCfg = Debug|Win32
		{CB431311-E152-46C9-9BDE-F41EFBCC5514}.Debug|x86.Build.0 = Debug|Win32
		{CB431311-E152-46C9-9BDE-F41EFBCC5514}.Release|x64.ActiveCfg = Release|x64
		{CB431311-E152-46C9-9BDE-F41EFBCC5514}.Release|x64.Build.0 = Release|x64
		{CB431311-E152-46C9-9BDE-F41EFBCC5514}.Release|x86.ActiveCfg = Release|Win32
		{CB431311-E152-46C9-9BDE-F41EFBCC5514}.Release|x86.Build.0 = Release|Win32
		{1DE63BF7-1837-47CC-BE4B-C6025AB7106A}.Debug|x64.ActiveCfg = Debug|x64
		{1DE63BF7-1837-47CC-BE4B-C6025AB7106A}.Debug|x64.Build.0 = Debug|x64
		{1DE63BF7-1837-47CC-BE4B-C6025AB7106A}.Debug|x86.ActiveCfg = Debug|Win32
		{1DE63BF7-1837-47CC-BE4B-C6025AB7106A}.Debug|x86.Build.0 = Debug|Win32
		{1DE63BF7-1837-47CC-BE4B-C6025AB7106A}.Release|x64.ActiveCfg = Release|x64
		{1DE63BF7-1837-47CC-BE4B-C6025AB7106A}.Release|x64.Build.0 = Release|x64
		{1DE63BF7-1837-47CC-BE4B-C6025AB7106A}.Release|x86.ActiveCfg = Release|Win32
		{1DE63BF7-1837-47CC-BE4B-C6025AB7106A}.Release|x86.Build.0 = Release|Win32
		{252A88CC-1E5F-47DC-8777-95A714D2F8D7}.Debug|x64.ActiveCfg = Debug|x64
		{252A88CC-1E5F-47DC-8777-95A714D2F8D7}.Debug|x64.Build.0 = Debug|x64
		{252A88CC-1E5F-47DC-8777-95A714D2F8D7}.Debug|x86.ActiveCfg = Debug|Win32
		{252A88CC-1E5F-47DC-8777-95A714D2F8D7}.Debug|x86.Build.0 = Debug|Win32
		{252A88CC-1E5F-47DC-8777-95A714D2F8D7}.Release|x64.ActiveCfg = Release|x64
		{252A88CC-1E5F-47DC-8777-95A714D2F8D7}.Release|x64.Build.0 = Release|x64
		{252A88CC-1E5F-47DC-8777-95A714D2F8D7}.Release|x86.ActiveCfg = Release|Win32
		{252A88CC-1E5F-47DC-8777-95A714D2F8D7}.Release|x86.Build.0 = Release|Win32
		{8DDE76CA-09A5-408D-9789-89B40CD338B5}.Debug|x64.ActiveCfg = Debug|x64
		{8DDE76CA-09A5-408D-9789-89B40CD338B5}.Debug|x64.Build.0 = Debug|x64
		{8DDE76CA-09A5-408D-9789-89B40CD338B5}.Debug|x86.ActiveCfg = Debug|Win32
		{8DDE76CA-09A5-408D-9789-89B40CD338B5}.Debug|x86.Build.0 = Debug|Win32
		{8DDE76CA-09A5-408D-9789-89B40CD338B5}.Release|x64.ActiveCfg = Release|x64
		{8DDE76CA-09A5-408D-9789-89B40CD338B5}.Release|x64.Build.0 = Release|x64
		{8DDE76CA-09A5-408D-9789-89B40CD338B5}.Release|x86.ActiveCfg = Release|Win32
		{8DDE76CA-09A5-408D-9789-89B40CD338B5}.Release|x86.Build.0 = Release|Win32
		{107998C7-BFA4-459C-85C4-FF2582164453}.Debug|x64.ActiveCfg = Debug|x64
		{107998C7-BFA4-459C-85C4-FF2582164453}.Debug|x64.Build.0 = Debug|x64
		{107998C7-BFA4-459C-85C4-FF2582164453}.Debug|x86.ActiveCfg = Debug|Win32
		{107998C7-BFA4-459C-85C4-FF2582164453}.Debug|x86.Build.0 = Debug|Win32
		{107998C7-BFA4-459C-85C4-FF2582164453}.Release|x64.ActiveCfg = Release|x64
		{107998C7-BFA4-459C-85C4-FF2582164453}.Release|x64.Build.0 = Release|x64
		{107998C7-BFA4-459C-85C4-FF2582164453}.Release|x86.ActiveCfg = Release|Win32
		{107998C7-BFA4-459C-85C4-FF2582164453}.Release|x86.Build.0 = Release|Win32
		{41BECE84-5038-414B-B8CA-531AA58F77E8}.Debug|x64.ActiveCfg = Debug|x64
		{41BECE84-5038-414B-B8CA-531AA58F77E8}.Debug|x64.Build.0 = Debug|x64
		{41BECE84-5038-414B-B8CA-531AA58F77E8}.Debug|x86.ActiveCfg = Debug|Win32
		{41BECE84-5038-414B-B8CA-531AA58F77E8}.Debug|x86.Build.0 = Debug|Win32
		{41BECE84-5038-414B-B8CA-531AA58F77E8}.Release|x64.ActiveCfg = Release|x64
		{41BECE84-5038-414B-B8CA-531AA58F77E8}.Release|x64.Build.0 = Release|x64
		{41BECE84-5038-414B-B8CA-531AA58F77E8}.Release|x86.ActiveCfg = Release|Win32
		{41BECE84-5038-414B-B8CA-531AA58F77E8}.Release|x86.Build.0 = Release|Win32
		{B50B11A7-DDB6-43E1-9396-38E507A3213C}.Debug|x64.ActiveCfg = Debug|x64
		{B50B11A7-DDB6-43E1-9396-38E507A3213C}.Debug|x64.Build.0 = Debug|x64
		{B50B11A7-DDB6-43E1-9396-38E507A3213C}.Debug|x86.ActiveCfg = Debug|Win32
		{B50B11A7-DDB6-43E1-9396-38E507A3213C}.Debug|x86.Build.0 = Debug|Win32
		{B50B11A7-DDB6-43E1-9396-38E507A3213C}.Release|x64.ActiveCfg = Release|x64
		{B50B11A7-DDB6-43E1-9396-38E507A3213C}.Release|x64.Build.0 = Release|x64
		{B50B11A7-DDB6-43E1-9396-38E507A3213C}.Release|x86.ActiveCfg = Release|Win32
		{B50B11A7-DDB6-43E1-9396-38E507A3213C}.Release|x86.Build.0 = Release|Win32
		{698E30C9-F13A-4844-B1F6-31F6CE338A75}.Debug|x64.ActiveCfg = Debug|x64
		{698E30C9-F13A-4844-B1F6-31F6CE338A75}.Debug|x64.Build.0 = Debug|x64
		{698E30C9-F13A-4844-B1F6-31F6CE338A75}.Debug|x86.ActiveCfg = Debug|Win32
		{698E30C9-F13A-4844-B1F6-31F6CE338A75}.Debug|x86.Build.0 = Debug|Win32
		{698E30C9-F13A-4844-B1F6-31F6CE338A75}.Release|x64.ActiveCfg = Release|x64
		{698E30C9-F13A-4844-B1F6-31F6CE338A75}.Release|x64.Build.0 = Release|x64
		{698E30C9-F13A-4844-B1F6-31F6CE338A75}.Release|x86.ActiveCfg = Release|Win32
		{698E30C9-F13A-4844-B1F6-31F6CE338A75}.Release|x86.Build.0 = Release|Win32
		{4DBF1A49-77B2-4C23-95FF-B52D7BCC470D}.Debug|x64.ActiveCfg = Debug|x64
		{4DBF1A49-77B2-4C23-95FF-B52D7BCC470D}.Debug|x64.Build.0 = Debug|x64
		{4DBF1A49-77B2-4C23-95FF-B52D7BCC470D}.Debug|x86.ActiveCfg = Debug|Win32
		{4DBF1A49-77B2-4C23-95FF-B52D7BCC470D}.Debug|x86.Build.0 = Debug|Win32
		{4DBF1A49-77B2-4C23-95FF-B52D7BCC470D}.Release|x64.ActiveCfg = Release|x64
		{4DBF1A49-77B2-4C23-95FF-B52D7BCC470D}.Release|x64.Build.0 = Release|x64
		{4DBF1A49-77B2-4C23-95FF-B52D7BCC470D}.Release|x86.ActiveCfg = Release|Win32
		{4DBF1A49-77B2-4C23-95FF-B52D7BCC470D}.Release|x86.Build.0 = Release|Win32
	EndGlobalSection
	GlobalSection(SolutionProperties) = preSolution
		HideSolutionNode = FALSE
	EndGlobalSection
	GlobalSection(ExtensibilityGlobals) = postSolution
		SolutionGuid = {110CC432-3B10-4188-A7AA-FF3004E93F86}
	EndGlobalSection
EndGlobal
